
Microsoft Visual Studio Solution File, Format Version 12.00
# Visual Studio Version 16
VisualStudioVersion = 16.0.29905.134
MinimumVisualStudioVersion = 10.0.40219.1
Project("{FAE04EC0-301F-11D3-BF4B-00C04F79EFBC}") = "AV_P", "AV_P\AV_P.csproj", "{A2DC496D-5214-49F1-974D-BB33F0BBA98C}"
EndProject
Global
	GlobalSection(SolutionConfigurationPlatforms) = preSolution
		Debug|Any CPU = Debug|Any CPU
		Release|Any CPU = Release|Any CPU
	EndGlobalSection
	GlobalSection(ProjectConfigurationPlatforms) = postSolution
		{A2DC496D-5214-49F1-974D-BB33F0BBA98C}.Debug|Any CPU.ActiveCfg = Debug|Any CPU
		{A2DC496D-5214-49F1-974D-BB33F0BBA98C}.Debug|Any CPU.Build.0 = Debug|Any CPU
		{A2DC496D-5214-49F1-974D-BB33F0BBA98C}.Release|Any CPU.ActiveCfg = Release|Any CPU
		{A2DC496D-5214-49F1-974D-BB33F0BBA98C}.Release|Any CPU.Build.0 = Release|Any CPU
	EndGlobalSection
	GlobalSection(SolutionProperties) = preSolution
		HideSolutionNode = FALSE
	EndGlobalSection
	GlobalSection(ExtensibilityGlobals) = postSolution
		SolutionGuid = {E7CF36A0-D1BF-439E-BCBB-9BF5E6606A3F}
	EndGlobalSection
EndGlobal
